PODS:
  - 0x.swift (0.1.0):
    - Web3Swift.io (~> 0.0.3)
  - BigInt (3.1.0):
    - SipHash (~> 1.2)
  - CryptoSwift (1.0.0)
  - Nimble (8.0.1)
  - Quick (2.0.0)
  - secp256k1_ios (0.1.3)
  - SipHash (1.2.2)
  - SwiftyJSON (4.3.0)
  - Web3Swift.io (0.0.3):
    - BigInt (~> 3.1)
    - CryptoSwift (~> 1.0)
    - secp256k1_ios (~> 0.1)
    - SwiftyJSON (~> 4.3)

DEPENDENCIES:
  - 0x.swift (from `../`)
  - Nimble (~> 8.0)
  - Quick (~> 2.0)

SPEC REPOS:
  https://github.com/cocoapods/specs.git:
    - BigInt
    - CryptoSwift
    - Nimble
    - Quick
    - secp256k1_ios
    - SipHash
    - SwiftyJSON
    - Web3Swift.io

EXTERNAL SOURCES:
  0x.swift:
    :path: "../"

SPEC CHECKSUMS:
  0x.swift: 9978355162bb8d0af4a03c33f2ba427625c4db8a
  BigInt: 76b5dfdfa3e2e478d4ffdf161aeede5502e2742f
  CryptoSwift: d81eeaa59dc5a8d03720fe919a6fd07b51f7439f
  Nimble: 45f786ae66faa9a709624227fae502db55a8bdd0
  Quick: ce1276c7c27ba2da3cb2fd0cde053c3648b3b22d
  secp256k1_ios: ac9ef04e761f43c58012b28548afa91493761f17
  SipHash: fad90a4683e420c52ef28063063dbbce248ea6d4
  SwiftyJSON: 6faa0040f8b59dead0ee07436cbf76b73c08fd08
  Web3Swift.io: 767a6d8d411ef1b9178d52bf7883ac8866f25f14

PODFILE CHECKSUM: f3c63ec8842de29a0808823f4463aed41b596a97

COCOAPODS: 1.5.3
