PODS:
  - 0x.swift (0.1.0):
    - Web3Swift.io (~> 0.0.2)
  - BigInt.swift (1.0.0)
  - CryptoSwift (0.14.0)
  - Nimble (8.0.1)
  - Quick (2.0.0)
  - secp256k1_ios (0.1.1)
  - SwiftyJSON (4.1.0)
  - Web3Swift.io (0.0.2):
    - BigInt.swift (= 1.0.0)
    - CryptoSwift (~> 0.14.0)
    - secp256k1_ios (= 0.1.1)
    - SwiftyJSON (= 4.1.0)

DEPENDENCIES:
  - 0x.swift (from `../`)
  - Nimble (~> 8.0)
  - Quick (~> 2.0)

SPEC REPOS:
  https://github.com/cocoapods/specs.git:
    - BigInt.swift
    - CryptoSwift
    - Nimble
    - Quick
    - secp256k1_ios
    - SwiftyJSON
    - Web3Swift.io

EXTERNAL SOURCES:
  0x.swift:
    :path: "../"

SPEC CHECKSUMS:
  0x.swift: 4c9236f7e1184805d60d593f6bffaf5d21e0bab5
  BigInt.swift: 1e0ddf08d82166e72dfb0fa8d40301d273081afc
  CryptoSwift: 35a10419f4dbf0619c13f8c1c180037e115323fa
  Nimble: 45f786ae66faa9a709624227fae502db55a8bdd0
  Quick: ce1276c7c27ba2da3cb2fd0cde053c3648b3b22d
  secp256k1_ios: 3c94e6cce14ff03924cb6dc10c5017f17011b79d
  SwiftyJSON: c29297daf073d2aa016295d5809cdd68045c39b3
  Web3Swift.io: 6f6cfaca0eebb68743196914bdc33ef79671e551

PODFILE CHECKSUM: f3c63ec8842de29a0808823f4463aed41b596a97

COCOAPODS: 1.6.1
